
Microsoft Visual Studio Solution File, Format Version 12.00
# Visual Studio 14
VisualStudioVersion = 14.0.25420.1
MinimumVisualStudioVersion = 10.0.40219.1
Project("{2150E333-8FDC-42A3-9474-1A3956D46DE8}") = "2-Service", "2-Service", "{5C948B30-BF18-4E90-9082-0DDCF8FD33B6}"
EndProject
Project("{2150E333-8FDC-42A3-9474-1A3956D46DE8}") = "3-Bussiness", "3-Bussiness", "{509F24ED-A7E4-41EA-850F-F518809AE71C}"
EndProject
Project("{2150E333-8FDC-42A3-9474-1A3956D46DE8}") = "1-Presentation", "1-Presentation", "{2E48DF45-D7F0-4835-9264-136D6DA5D8B6}"
EndProject
Project("{FAE04EC0-301F-11D3-BF4B-00C04F79EFBC}") = "Presentation", "PresentationScreenEmployee\Presentation.csproj", "{0CE0E195-1717-48FB-ABE2-94A9B05B0489}"
EndProject
Project("{FAE04EC0-301F-11D3-BF4B-00C04F79EFBC}") = "Bussiness", "Bussiness\Bussiness.csproj", "{BFCDE8ED-0F22-4213-B606-532D96692740}"
EndProject
Project("{2150E333-8FDC-42A3-9474-1A3956D46DE8}") = "5-Data", "5-Data", "{A043CC75-50D7-4AE7-9BBE-2BDE583F9CC4}"
EndProject
Project("{FAE04EC0-301F-11D3-BF4B-00C04F79EFBC}") = "ServiceWCF", "ServiceWCF\ServiceWCF.csproj", "{5F66AC36-85C8-430C-A42E-DAE297B01649}"
EndProject
Project("{2150E333-8FDC-42A3-9474-1A3956D46DE8}") = "WPF", "WPF", "{405362FF-D6E5-40C6-ACDD-E680A27A968E}"
EndProject
Project("{2150E333-8FDC-42A3-9474-1A3956D46DE8}") = "6-Utilities", "6-Utilities", "{3B4F78C8-5053-495E-A011-ABD6A2D63B97}"
EndProject
Project("{FAE04EC0-301F-11D3-BF4B-00C04F79EFBC}") = "Helpers", "Helpers\Helpers.csproj", "{383F2C70-3F47-4F74-B8D6-4592B85FE798}"
EndProject
Project("{FAE04EC0-301F-11D3-BF4B-00C04F79EFBC}") = "Model", "Model\Model.csproj", "{057C9016-6A10-4BEA-B413-B70BB29B164A}"
EndProject
Project("{2150E333-8FDC-42A3-9474-1A3956D46DE8}") = "4-Repository", "4-Repository", "{875D65B1-5869-497E-B95A-7D88A23C22B3}"
EndProject
Project("{FAE04EC0-301F-11D3-BF4B-00C04F79EFBC}") = "Repository", "RepositoryEmpleado\Repository.csproj", "{E7929FB6-09EF-4B20-BD96-315CB10E449A}"
EndProject
Global
	GlobalSection(SolutionConfigurationPlatforms) = preSolution
		Debug|Any CPU = Debug|Any CPU
		Release|Any CPU = Release|Any CPU
	EndGlobalSection
	GlobalSection(ProjectConfigurationPlatforms) = postSolution
		{0CE0E195-1717-48FB-ABE2-94A9B05B0489}.Debug|Any CPU.ActiveCfg = Debug|Any CPU
		{0CE0E195-1717-48FB-ABE2-94A9B05B0489}.Debug|Any CPU.Build.0 = Debug|Any CPU
		{0CE0E195-1717-48FB-ABE2-94A9B05B0489}.Release|Any CPU.ActiveCfg = Release|Any CPU
		{0CE0E195-1717-48FB-ABE2-94A9B05B0489}.Release|Any CPU.Build.0 = Release|Any CPU
		{BFCDE8ED-0F22-4213-B606-532D96692740}.Debug|Any CPU.ActiveCfg = Debug|Any CPU
		{BFCDE8ED-0F22-4213-B606-532D96692740}.Debug|Any CPU.Build.0 = Debug|Any CPU
		{BFCDE8ED-0F22-4213-B606-532D96692740}.Release|Any CPU.ActiveCfg = Release|Any CPU
		{BFCDE8ED-0F22-4213-B606-532D96692740}.Release|Any CPU.Build.0 = Release|Any CPU
		{5F66AC36-85C8-430C-A42E-DAE297B01649}.Debug|Any CPU.ActiveCfg = Debug|Any CPU
		{5F66AC36-85C8-430C-A42E-DAE297B01649}.Debug|Any CPU.Build.0 = Debug|Any CPU
		{5F66AC36-85C8-430C-A42E-DAE297B01649}.Release|Any CPU.ActiveCfg = Release|Any CPU
		{5F66AC36-85C8-430C-A42E-DAE297B01649}.Release|Any CPU.Build.0 = Release|Any CPU
		{383F2C70-3F47-4F74-B8D6-4592B85FE798}.Debug|Any CPU.ActiveCfg = Debug|Any CPU
		{383F2C70-3F47-4F74-B8D6-4592B85FE798}.Debug|Any CPU.Build.0 = Debug|Any CPU
		{383F2C70-3F47-4F74-B8D6-4592B85FE798}.Release|Any CPU.ActiveCfg = Release|Any CPU
		{383F2C70-3F47-4F74-B8D6-4592B85FE798}.Release|Any CPU.Build.0 = Release|Any CPU
		{057C9016-6A10-4BEA-B413-B70BB29B164A}.Debug|Any CPU.ActiveCfg = Debug|Any CPU
		{057C9016-6A10-4BEA-B413-B70BB29B164A}.Debug|Any CPU.Build.0 = Debug|Any CPU
		{057C9016-6A10-4BEA-B413-B70BB29B164A}.Release|Any CPU.ActiveCfg = Release|Any CPU
		{057C9016-6A10-4BEA-B413-B70BB29B164A}.Release|Any CPU.Build.0 = Release|Any CPU
		{E7929FB6-09EF-4B20-BD96-315CB10E449A}.Debug|Any CPU.ActiveCfg = Debug|Any CPU
		{E7929FB6-09EF-4B20-BD96-315CB10E449A}.Debug|Any CPU.Build.0 = Debug|Any CPU
		{E7929FB6-09EF-4B20-BD96-315CB10E449A}.Release|Any CPU.ActiveCfg = Release|Any CPU
		{E7929FB6-09EF-4B20-BD96-315CB10E449A}.Release|Any CPU.Build.0 = Release|Any CPU
	EndGlobalSection
	GlobalSection(SolutionProperties) = preSolution
		HideSolutionNode = FALSE
	EndGlobalSection
	GlobalSection(NestedProjects) = preSolution
		{0CE0E195-1717-48FB-ABE2-94A9B05B0489} = {405362FF-D6E5-40C6-ACDD-E680A27A968E}
		{BFCDE8ED-0F22-4213-B606-532D96692740} = {509F24ED-A7E4-41EA-850F-F518809AE71C}
		{5F66AC36-85C8-430C-A42E-DAE297B01649} = {5C948B30-BF18-4E90-9082-0DDCF8FD33B6}
		{405362FF-D6E5-40C6-ACDD-E680A27A968E} = {2E48DF45-D7F0-4835-9264-136D6DA5D8B6}
		{383F2C70-3F47-4F74-B8D6-4592B85FE798} = {3B4F78C8-5053-495E-A011-ABD6A2D63B97}
		{057C9016-6A10-4BEA-B413-B70BB29B164A} = {A043CC75-50D7-4AE7-9BBE-2BDE583F9CC4}
		{E7929FB6-09EF-4B20-BD96-315CB10E449A} = {875D65B1-5869-497E-B95A-7D88A23C22B3}
	EndGlobalSection
	GlobalSection(ExtensibilityGlobals) = postSolution
		SolutionGuid = {42CDFD81-D7CB-4C34-A4A7-38BDF01F1077}
	EndGlobalSection
EndGlobal
